
Microsoft Visual Studio Solution File, Format Version 12.00
# Visual Studio Version 17
VisualStudioVersion = 17.8.34525.116
MinimumVisualStudioVersion = 10.0.40219.1
Project("{FAE04EC0-301F-11D3-BF4B-00C04F79EFBC}") = "GraphMonitor", "GraphMonitor.csproj", "{DF7D9026-9273-4F25-A780-799A5CFDA489}"
EndProject
Project("{FAE04EC0-301F-11D3-BF4B-00C04F79EFBC}") = "Precision.WarpCache.Redis", "..\Precision.WarpCache\Precision.WarpCache.Redis\Precision.WarpCache.Redis.csproj", "{E6B0680B-57DC-CCBE-FDAB-1FA420076F09}"
EndProject
Project("{FAE04EC0-301F-11D3-BF4B-00C04F79EFBC}") = "Precision.WarpCache", "..\Precision.WarpCache\Precision.WarpCache\Precision.WarpCache.csproj", "{0B5DAD58-9288-1888-B30F-DA107D98A6AD}"
EndProject
Global
	GlobalSection(SolutionConfigurationPlatforms) = preSolution
		Debug|Any CPU = Debug|Any CPU
		Release|Any CPU = Release|Any CPU
	EndGlobalSection
	GlobalSection(ProjectConfigurationPlatforms) = postSolution
		{DF7D9026-9273-4F25-A780-799A5CFDA489}.Debug|Any CPU.ActiveCfg = Debug|Any CPU
		{DF7D9026-9273-4F25-A780-799A5CFDA489}.Debug|Any CPU.Build.0 = Debug|Any CPU
		{DF7D9026-9273-4F25-A780-799A5CFDA489}.Release|Any CPU.ActiveCfg = Release|Any CPU
		{DF7D9026-9273-4F25-A780-799A5CFDA489}.Release|Any CPU.Build.0 = Release|Any CPU
		{E6B0680B-57DC-CCBE-FDAB-1FA420076F09}.Debug|Any CPU.ActiveCfg = Debug|Any CPU
		{E6B0680B-57DC-CCBE-FDAB-1FA420076F09}.Debug|Any CPU.Build.0 = Debug|Any CPU
		{E6B0680B-57DC-CCBE-FDAB-1FA420076F09}.Release|Any CPU.ActiveCfg = Release|Any CPU
		{E6B0680B-57DC-CCBE-FDAB-1FA420076F09}.Release|Any CPU.Build.0 = Release|Any CPU
		{0B5DAD58-9288-1888-B30F-DA107D98A6AD}.Debug|Any CPU.ActiveCfg = Debug|Any CPU
		{0B5DAD58-9288-1888-B30F-DA107D98A6AD}.Debug|Any CPU.Build.0 = Debug|Any CPU
		{0B5DAD58-9288-1888-B30F-DA107D98A6AD}.Release|Any CPU.ActiveCfg = Release|Any CPU
		{0B5DAD58-9288-1888-B30F-DA107D98A6AD}.Release|Any CPU.Build.0 = Release|Any CPU
	EndGlobalSection
	GlobalSection(SolutionProperties) = preSolution
		HideSolutionNode = FALSE
	EndGlobalSection
	GlobalSection(ExtensibilityGlobals) = postSolution
		SolutionGuid = {EF85D8AF-F1FE-493A-AF1E-2BD6830FD4CB}
	EndGlobalSection
EndGlobal
