
Microsoft Visual Studio Solution File, Format Version 12.00
# Visual Studio Version 17
VisualStudioVersion = 17.13.35806.99 d17.13
MinimumVisualStudioVersion = 10.0.40219.1
Project("{FAE04EC0-301F-11D3-BF4B-00C04F79EFBC}") = "Nudges.Tests.Integration", "Nudges.Tests.Integration\Nudges.Tests.Integration.csproj", "{A9321536-22EE-4AAC-A2A3-CEBAE3DCBE03}"
EndProject
Global
	GlobalSection(SolutionConfigurationPlatforms) = preSolution
		Debug|Any CPU = Debug|Any CPU
		Release|Any CPU = Release|Any CPU
	EndGlobalSection
	GlobalSection(ProjectConfigurationPlatforms) = postSolution
		{A9321536-22EE-4AAC-A2A3-CEBAE3DCBE03}.Debug|Any CPU.ActiveCfg = Debug|Any CPU
		{A9321536-22EE-4AAC-A2A3-CEBAE3DCBE03}.Debug|Any CPU.Build.0 = Debug|Any CPU
		{A9321536-22EE-4AAC-A2A3-CEBAE3DCBE03}.Release|Any CPU.ActiveCfg = Release|Any CPU
		{A9321536-22EE-4AAC-A2A3-CEBAE3DCBE03}.Release|Any CPU.Build.0 = Release|Any CPU
	EndGlobalSection
	GlobalSection(SolutionProperties) = preSolution
		HideSolutionNode = FALSE
	EndGlobalSection
	GlobalSection(ExtensibilityGlobals) = postSolution
		SolutionGuid = {5E2F2C00-6829-4F66-AEED-ECAF4BD6E693}
	EndGlobalSection
EndGlobal
