
Microsoft Visual Studio Solution File, Format Version 12.00
# Visual Studio Version 18
VisualStudioVersion = 18.0.11205.157
MinimumVisualStudioVersion = 10.0.40219.1
Project("{9A19103F-16F7-4668-BE54-9A1E7A4F7556}") = "AuthApi", "AuthApi\AuthApi.csproj", "{D272D4FA-D385-46FB-96F7-847B9DFF6338}"
EndProject
Project("{9A19103F-16F7-4668-BE54-9A1E7A4F7556}") = "Nudges.Auth", "Nudges.Auth\Nudges.Auth.csproj", "{424CA6B0-BFF7-475D-A881-EB47A6F9FE82}"
EndProject
Project("{9A19103F-16F7-4668-BE54-9A1E7A4F7556}") = "Nudges.Configuration.Analyzers", "Nudges.Configuration.Analyzers\Nudges.Configuration.Analyzers.csproj", "{CBFF5673-2922-49E3-AABA-C4C1CDFC8756}"
EndProject
Project("{FAE04EC0-301F-11D3-BF4B-00C04F79EFBC}") = "Precision.WarpCache.Grpc.Client", "Precision.WarpCache\Precision.WarpCache.Grpc.Client\Precision.WarpCache.Grpc.Client.csproj", "{41061286-70D3-7C46-826E-8906697A9942}"
EndProject
Project("{FAE04EC0-301F-11D3-BF4B-00C04F79EFBC}") = "Nudges.Kafka", "Nudges.Kafka\Nudges.Kafka.csproj", "{1138AE3E-4E72-491E-3202-8EDF3E42B410}"
EndProject
Project("{FAE04EC0-301F-11D3-BF4B-00C04F79EFBC}") = "Nudges.Auth.Web", "Nudges.Auth.Web\Nudges.Auth.Web.csproj", "{195B8CCC-032D-5F2B-0BD4-450B2D4B2085}"
EndProject
Project("{FAE04EC0-301F-11D3-BF4B-00C04F79EFBC}") = "AuthApi.Tests.Extensions", "AuthApi\tests\AuthApi.Tests.Extensions\AuthApi.Tests.Extensions.csproj", "{B9A13CD3-7F90-B5CD-4F6D-318B6318632B}"
EndProject
Project("{FAE04EC0-301F-11D3-BF4B-00C04F79EFBC}") = "Monads", "Monads\Monads.csproj", "{010D34F4-ACEC-5BD4-C9DC-7890E308C690}"
EndProject
Project("{FAE04EC0-301F-11D3-BF4B-00C04F79EFBC}") = "Precision.WarpCache", "Precision.WarpCache\Precision.WarpCache\Precision.WarpCache.csproj", "{617846FB-CFB6-8525-CF1A-572FFAD39F61}"
EndProject
Project("{FAE04EC0-301F-11D3-BF4B-00C04F79EFBC}") = "Nudges.Auth.Keycloak", "Nudges.Auth.Keycloak\Nudges.Auth.Keycloak.csproj", "{185CB007-17F8-4933-9C88-79B0E4D1C661}"
EndProject
Project("{FAE04EC0-301F-11D3-BF4B-00C04F79EFBC}") = "Nudges.Configuration", "Nudges.Configuration\Nudges.Configuration.csproj", "{0FFC9C46-F1C0-432F-9CF6-3B46C3D9E51E}"
EndProject
Project("{FAE04EC0-301F-11D3-BF4B-00C04F79EFBC}") = "Nudges.Kafka.Events", "Nudges.Kafka.Events\Nudges.Kafka.Events.csproj", "{FC94AB1A-E57B-48E0-8F93-C1566C8716FC}"
EndProject
Project("{FAE04EC0-301F-11D3-BF4B-00C04F79EFBC}") = "Nudges.Kafka.Analyzers", "Nudges.Kafka.Analyzers\Nudges.Kafka.Analyzers.csproj", "{09777520-2D20-421C-F4A9-C523537E4EEC}"
EndProject
Project("{FAE04EC0-301F-11D3-BF4B-00C04F79EFBC}") = "Nudges.Configuration.Analyzers.Tests", "Nudges.Configuration.Analyzers.Tests\Nudges.Configuration.Analyzers.Tests.csproj", "{A6D96F0F-74F1-C55E-F3DF-7AC8F1800CC1}"
EndProject
Project("{FAE04EC0-301F-11D3-BF4B-00C04F79EFBC}") = "Nudges.Telemetry", "Nudges.Telemetry\Nudges.Telemetry.csproj", "{B9E5F0E5-128A-84DF-8A24-9243A9AA0493}"
EndProject
Project("{FAE04EC0-301F-11D3-BF4B-00C04F79EFBC}") = "Nudges.Core", "Nudges.Core\Nudges.Core.csproj", "{AA3A62C4-CC50-4F92-994F-097D6ADCF77D}"
EndProject
Project("{FAE04EC0-301F-11D3-BF4B-00C04F79EFBC}") = "Nudges.Security", "Nudges.Security\Nudges.Security.csproj", "{591185A6-9807-01CE-3B21-62155E25C0A6}"
EndProject
Global
	GlobalSection(SolutionConfigurationPlatforms) = preSolution
		Debug|Any CPU = Debug|Any CPU
		Release|Any CPU = Release|Any CPU
	EndGlobalSection
	GlobalSection(ProjectConfigurationPlatforms) = postSolution
		{D272D4FA-D385-46FB-96F7-847B9DFF6338}.Debug|Any CPU.ActiveCfg = Debug|Any CPU
		{D272D4FA-D385-46FB-96F7-847B9DFF6338}.Debug|Any CPU.Build.0 = Debug|Any CPU
		{D272D4FA-D385-46FB-96F7-847B9DFF6338}.Release|Any CPU.ActiveCfg = Release|Any CPU
		{D272D4FA-D385-46FB-96F7-847B9DFF6338}.Release|Any CPU.Build.0 = Release|Any CPU
		{424CA6B0-BFF7-475D-A881-EB47A6F9FE82}.Debug|Any CPU.ActiveCfg = Debug|Any CPU
		{424CA6B0-BFF7-475D-A881-EB47A6F9FE82}.Debug|Any CPU.Build.0 = Debug|Any CPU
		{424CA6B0-BFF7-475D-A881-EB47A6F9FE82}.Release|Any CPU.ActiveCfg = Release|Any CPU
		{424CA6B0-BFF7-475D-A881-EB47A6F9FE82}.Release|Any CPU.Build.0 = Release|Any CPU
		{CBFF5673-2922-49E3-AABA-C4C1CDFC8756}.Debug|Any CPU.ActiveCfg = Debug|Any CPU
		{CBFF5673-2922-49E3-AABA-C4C1CDFC8756}.Debug|Any CPU.Build.0 = Debug|Any CPU
		{CBFF5673-2922-49E3-AABA-C4C1CDFC8756}.Release|Any CPU.ActiveCfg = Release|Any CPU
		{CBFF5673-2922-49E3-AABA-C4C1CDFC8756}.Release|Any CPU.Build.0 = Release|Any CPU
		{41061286-70D3-7C46-826E-8906697A9942}.Debug|Any CPU.ActiveCfg = Debug|Any CPU
		{41061286-70D3-7C46-826E-8906697A9942}.Debug|Any CPU.Build.0 = Debug|Any CPU
		{41061286-70D3-7C46-826E-8906697A9942}.Release|Any CPU.ActiveCfg = Release|Any CPU
		{41061286-70D3-7C46-826E-8906697A9942}.Release|Any CPU.Build.0 = Release|Any CPU
		{1138AE3E-4E72-491E-3202-8EDF3E42B410}.Debug|Any CPU.ActiveCfg = Debug|Any CPU
		{1138AE3E-4E72-491E-3202-8EDF3E42B410}.Debug|Any CPU.Build.0 = Debug|Any CPU
		{1138AE3E-4E72-491E-3202-8EDF3E42B410}.Release|Any CPU.ActiveCfg = Release|Any CPU
		{1138AE3E-4E72-491E-3202-8EDF3E42B410}.Release|Any CPU.Build.0 = Release|Any CPU
		{195B8CCC-032D-5F2B-0BD4-450B2D4B2085}.Debug|Any CPU.ActiveCfg = Debug|Any CPU
		{195B8CCC-032D-5F2B-0BD4-450B2D4B2085}.Debug|Any CPU.Build.0 = Debug|Any CPU
		{195B8CCC-032D-5F2B-0BD4-450B2D4B2085}.Release|Any CPU.ActiveCfg = Release|Any CPU
		{195B8CCC-032D-5F2B-0BD4-450B2D4B2085}.Release|Any CPU.Build.0 = Release|Any CPU
		{B9A13CD3-7F90-B5CD-4F6D-318B6318632B}.Debug|Any CPU.ActiveCfg = Debug|Any CPU
		{B9A13CD3-7F90-B5CD-4F6D-318B6318632B}.Debug|Any CPU.Build.0 = Debug|Any CPU
		{B9A13CD3-7F90-B5CD-4F6D-318B6318632B}.Release|Any CPU.ActiveCfg = Release|Any CPU
		{B9A13CD3-7F90-B5CD-4F6D-318B6318632B}.Release|Any CPU.Build.0 = Release|Any CPU
		{010D34F4-ACEC-5BD4-C9DC-7890E308C690}.Debug|Any CPU.ActiveCfg = Debug|Any CPU
		{010D34F4-ACEC-5BD4-C9DC-7890E308C690}.Debug|Any CPU.Build.0 = Debug|Any CPU
		{010D34F4-ACEC-5BD4-C9DC-7890E308C690}.Release|Any CPU.ActiveCfg = Release|Any CPU
		{010D34F4-ACEC-5BD4-C9DC-7890E308C690}.Release|Any CPU.Build.0 = Release|Any CPU
		{617846FB-CFB6-8525-CF1A-572FFAD39F61}.Debug|Any CPU.ActiveCfg = Debug|Any CPU
		{617846FB-CFB6-8525-CF1A-572FFAD39F61}.Debug|Any CPU.Build.0 = Debug|Any CPU
		{617846FB-CFB6-8525-CF1A-572FFAD39F61}.Release|Any CPU.ActiveCfg = Release|Any CPU
		{617846FB-CFB6-8525-CF1A-572FFAD39F61}.Release|Any CPU.Build.0 = Release|Any CPU
		{185CB007-17F8-4933-9C88-79B0E4D1C661}.Debug|Any CPU.ActiveCfg = Debug|Any CPU
		{185CB007-17F8-4933-9C88-79B0E4D1C661}.Debug|Any CPU.Build.0 = Debug|Any CPU
		{185CB007-17F8-4933-9C88-79B0E4D1C661}.Release|Any CPU.ActiveCfg = Release|Any CPU
		{185CB007-17F8-4933-9C88-79B0E4D1C661}.Release|Any CPU.Build.0 = Release|Any CPU
		{0FFC9C46-F1C0-432F-9CF6-3B46C3D9E51E}.Debug|Any CPU.ActiveCfg = Debug|Any CPU
		{0FFC9C46-F1C0-432F-9CF6-3B46C3D9E51E}.Debug|Any CPU.Build.0 = Debug|Any CPU
		{0FFC9C46-F1C0-432F-9CF6-3B46C3D9E51E}.Release|Any CPU.ActiveCfg = Release|Any CPU
		{0FFC9C46-F1C0-432F-9CF6-3B46C3D9E51E}.Release|Any CPU.Build.0 = Release|Any CPU
		{FC94AB1A-E57B-48E0-8F93-C1566C8716FC}.Debug|Any CPU.ActiveCfg = Debug|Any CPU
		{FC94AB1A-E57B-48E0-8F93-C1566C8716FC}.Debug|Any CPU.Build.0 = Debug|Any CPU
		{FC94AB1A-E57B-48E0-8F93-C1566C8716FC}.Release|Any CPU.ActiveCfg = Release|Any CPU
		{FC94AB1A-E57B-48E0-8F93-C1566C8716FC}.Release|Any CPU.Build.0 = Release|Any CPU
		{09777520-2D20-421C-F4A9-C523537E4EEC}.Debug|Any CPU.ActiveCfg = Debug|Any CPU
		{09777520-2D20-421C-F4A9-C523537E4EEC}.Debug|Any CPU.Build.0 = Debug|Any CPU
		{09777520-2D20-421C-F4A9-C523537E4EEC}.Release|Any CPU.ActiveCfg = Release|Any CPU
		{09777520-2D20-421C-F4A9-C523537E4EEC}.Release|Any CPU.Build.0 = Release|Any CPU
		{A6D96F0F-74F1-C55E-F3DF-7AC8F1800CC1}.Debug|Any CPU.ActiveCfg = Debug|Any CPU
		{A6D96F0F-74F1-C55E-F3DF-7AC8F1800CC1}.Debug|Any CPU.Build.0 = Debug|Any CPU
		{A6D96F0F-74F1-C55E-F3DF-7AC8F1800CC1}.Release|Any CPU.ActiveCfg = Release|Any CPU
		{A6D96F0F-74F1-C55E-F3DF-7AC8F1800CC1}.Release|Any CPU.Build.0 = Release|Any CPU
		{B9E5F0E5-128A-84DF-8A24-9243A9AA0493}.Debug|Any CPU.ActiveCfg = Debug|Any CPU
		{B9E5F0E5-128A-84DF-8A24-9243A9AA0493}.Debug|Any CPU.Build.0 = Debug|Any CPU
		{B9E5F0E5-128A-84DF-8A24-9243A9AA0493}.Release|Any CPU.ActiveCfg = Release|Any CPU
		{B9E5F0E5-128A-84DF-8A24-9243A9AA0493}.Release|Any CPU.Build.0 = Release|Any CPU
		{AA3A62C4-CC50-4F92-994F-097D6ADCF77D}.Debug|Any CPU.ActiveCfg = Debug|Any CPU
		{AA3A62C4-CC50-4F92-994F-097D6ADCF77D}.Debug|Any CPU.Build.0 = Debug|Any CPU
		{AA3A62C4-CC50-4F92-994F-097D6ADCF77D}.Release|Any CPU.ActiveCfg = Release|Any CPU
		{AA3A62C4-CC50-4F92-994F-097D6ADCF77D}.Release|Any CPU.Build.0 = Release|Any CPU
		{591185A6-9807-01CE-3B21-62155E25C0A6}.Debug|Any CPU.ActiveCfg = Debug|Any CPU
		{591185A6-9807-01CE-3B21-62155E25C0A6}.Debug|Any CPU.Build.0 = Debug|Any CPU
		{591185A6-9807-01CE-3B21-62155E25C0A6}.Release|Any CPU.ActiveCfg = Release|Any CPU
		{591185A6-9807-01CE-3B21-62155E25C0A6}.Release|Any CPU.Build.0 = Release|Any CPU
	EndGlobalSection
	GlobalSection(SolutionProperties) = preSolution
		HideSolutionNode = FALSE
	EndGlobalSection
	GlobalSection(ExtensibilityGlobals) = postSolution
		SolutionGuid = {2BAE7235-0FAF-4E8A-9E95-EBA473191091}
	EndGlobalSection
EndGlobal
