
Microsoft Visual Studio Solution File, Format Version 12.00
# Visual Studio Version 17
VisualStudioVersion = 17.5.002.0
MinimumVisualStudioVersion = 10.0.40219.1
Project("{9A19103F-16F7-4668-BE54-9A1E7A4F7556}") = "DbSeeder", "tools\DbSeeder\DbSeeder.csproj", "{24797C53-EBF3-4C27-82A4-ECFD8C6D3152}"
EndProject
Project("{9A19103F-16F7-4668-BE54-9A1E7A4F7556}") = "Nudges.Data", "Nudges.Data\Nudges.Data.csproj", "{EBEE5948-7BA1-48F0-922B-8BC6364BC1B5}"
EndProject
Project("{9A19103F-16F7-4668-BE54-9A1E7A4F7556}") = "Nudges.Redis", "Nudges.Redis\Nudges.Redis.csproj", "{90EA9419-4646-4099-83D2-680F42ADB590}"
EndProject
Global
	GlobalSection(SolutionConfigurationPlatforms) = preSolution
		Debug|Any CPU = Debug|Any CPU
		Release|Any CPU = Release|Any CPU
	EndGlobalSection
	GlobalSection(ProjectConfigurationPlatforms) = postSolution
		{24797C53-EBF3-4C27-82A4-ECFD8C6D3152}.Debug|Any CPU.ActiveCfg = Debug|Any CPU
		{24797C53-EBF3-4C27-82A4-ECFD8C6D3152}.Debug|Any CPU.Build.0 = Debug|Any CPU
		{24797C53-EBF3-4C27-82A4-ECFD8C6D3152}.Release|Any CPU.ActiveCfg = Release|Any CPU
		{24797C53-EBF3-4C27-82A4-ECFD8C6D3152}.Release|Any CPU.Build.0 = Release|Any CPU
		{EBEE5948-7BA1-48F0-922B-8BC6364BC1B5}.Debug|Any CPU.ActiveCfg = Debug|Any CPU
		{EBEE5948-7BA1-48F0-922B-8BC6364BC1B5}.Debug|Any CPU.Build.0 = Debug|Any CPU
		{EBEE5948-7BA1-48F0-922B-8BC6364BC1B5}.Release|Any CPU.ActiveCfg = Release|Any CPU
		{EBEE5948-7BA1-48F0-922B-8BC6364BC1B5}.Release|Any CPU.Build.0 = Release|Any CPU
		{90EA9419-4646-4099-83D2-680F42ADB590}.Debug|Any CPU.ActiveCfg = Debug|Any CPU
		{90EA9419-4646-4099-83D2-680F42ADB590}.Debug|Any CPU.Build.0 = Debug|Any CPU
		{90EA9419-4646-4099-83D2-680F42ADB590}.Release|Any CPU.ActiveCfg = Release|Any CPU
		{90EA9419-4646-4099-83D2-680F42ADB590}.Release|Any CPU.Build.0 = Release|Any CPU
	EndGlobalSection
	GlobalSection(SolutionProperties) = preSolution
		HideSolutionNode = FALSE
	EndGlobalSection
	GlobalSection(ExtensibilityGlobals) = postSolution
		SolutionGuid = {59D10FBE-960C-4F1E-A450-68824975D5C5}
	EndGlobalSection
EndGlobal
