
Microsoft Visual Studio Solution File, Format Version 12.00
# Visual Studio Version 17
VisualStudioVersion = 17.5.002.0
MinimumVisualStudioVersion = 10.0.40219.1
Project("{9A19103F-16F7-4668-BE54-9A1E7A4F7556}") = "KafkaConsumer", "KafkaConsumer\KafkaConsumer.csproj", "{688C2D35-3E69-4E4B-B384-B6346D878C57}"
EndProject
Project("{9A19103F-16F7-4668-BE54-9A1E7A4F7556}") = "UnAd.Kafka", "UnAd.Kafka\UnAd.Kafka.csproj", "{043B1046-7187-4561-BC4D-F3AEC4A83334}"
EndProject
Project("{9A19103F-16F7-4668-BE54-9A1E7A4F7556}") = "UnAd.Redis", "UnAd.Redis\UnAd.Redis.csproj", "{E091461C-4799-461E-B29A-CC8137EE811D}"
EndProject
Project("{9A19103F-16F7-4668-BE54-9A1E7A4F7556}") = "UnAd.Localization", "UnAd.Localization\UnAd.Localization.csproj", "{925EB46F-415C-487E-9DE9-CF47219A6584}"
EndProject
Project("{9A19103F-16F7-4668-BE54-9A1E7A4F7556}") = "Monads", "Monads\Monads.csproj", "{E1C4236A-0382-41FC-99B9-6EE7C374CAEE}"
EndProject
Project("{9A19103F-16F7-4668-BE54-9A1E7A4F7556}") = "UnAd.Stripe", "UnAd.Stripe\UnAd.Stripe.csproj", "{4B4384EE-EC3C-4C13-9EBF-1FC889F1304D}"
EndProject
Project("{2150E333-8FDC-42A3-9474-1A3956D46DE8}") = "Solution Items", "Solution Items", "{2B624964-7082-48F8-9F23-156B8A74D65B}"
	ProjectSection(SolutionItems) = preProject
		KafkaConsumer\.filenesting.json = KafkaConsumer\.filenesting.json
	EndProjectSection
EndProject
Global
	GlobalSection(SolutionConfigurationPlatforms) = preSolution
		Debug|Any CPU = Debug|Any CPU
		Release|Any CPU = Release|Any CPU
	EndGlobalSection
	GlobalSection(ProjectConfigurationPlatforms) = postSolution
		{688C2D35-3E69-4E4B-B384-B6346D878C57}.Debug|Any CPU.ActiveCfg = Debug|Any CPU
		{688C2D35-3E69-4E4B-B384-B6346D878C57}.Debug|Any CPU.Build.0 = Debug|Any CPU
		{688C2D35-3E69-4E4B-B384-B6346D878C57}.Release|Any CPU.ActiveCfg = Release|Any CPU
		{688C2D35-3E69-4E4B-B384-B6346D878C57}.Release|Any CPU.Build.0 = Release|Any CPU
		{043B1046-7187-4561-BC4D-F3AEC4A83334}.Debug|Any CPU.ActiveCfg = Debug|Any CPU
		{043B1046-7187-4561-BC4D-F3AEC4A83334}.Debug|Any CPU.Build.0 = Debug|Any CPU
		{043B1046-7187-4561-BC4D-F3AEC4A83334}.Release|Any CPU.ActiveCfg = Release|Any CPU
		{043B1046-7187-4561-BC4D-F3AEC4A83334}.Release|Any CPU.Build.0 = Release|Any CPU
		{E091461C-4799-461E-B29A-CC8137EE811D}.Debug|Any CPU.ActiveCfg = Debug|Any CPU
		{E091461C-4799-461E-B29A-CC8137EE811D}.Debug|Any CPU.Build.0 = Debug|Any CPU
		{E091461C-4799-461E-B29A-CC8137EE811D}.Release|Any CPU.ActiveCfg = Release|Any CPU
		{E091461C-4799-461E-B29A-CC8137EE811D}.Release|Any CPU.Build.0 = Release|Any CPU
		{925EB46F-415C-487E-9DE9-CF47219A6584}.Debug|Any CPU.ActiveCfg = Debug|Any CPU
		{925EB46F-415C-487E-9DE9-CF47219A6584}.Debug|Any CPU.Build.0 = Debug|Any CPU
		{925EB46F-415C-487E-9DE9-CF47219A6584}.Release|Any CPU.ActiveCfg = Release|Any CPU
		{925EB46F-415C-487E-9DE9-CF47219A6584}.Release|Any CPU.Build.0 = Release|Any CPU
		{E1C4236A-0382-41FC-99B9-6EE7C374CAEE}.Debug|Any CPU.ActiveCfg = Debug|Any CPU
		{E1C4236A-0382-41FC-99B9-6EE7C374CAEE}.Debug|Any CPU.Build.0 = Debug|Any CPU
		{E1C4236A-0382-41FC-99B9-6EE7C374CAEE}.Release|Any CPU.ActiveCfg = Release|Any CPU
		{E1C4236A-0382-41FC-99B9-6EE7C374CAEE}.Release|Any CPU.Build.0 = Release|Any CPU
		{4B4384EE-EC3C-4C13-9EBF-1FC889F1304D}.Debug|Any CPU.ActiveCfg = Debug|Any CPU
		{4B4384EE-EC3C-4C13-9EBF-1FC889F1304D}.Debug|Any CPU.Build.0 = Debug|Any CPU
		{4B4384EE-EC3C-4C13-9EBF-1FC889F1304D}.Release|Any CPU.ActiveCfg = Release|Any CPU
		{4B4384EE-EC3C-4C13-9EBF-1FC889F1304D}.Release|Any CPU.Build.0 = Release|Any CPU
	EndGlobalSection
	GlobalSection(SolutionProperties) = preSolution
		HideSolutionNode = FALSE
	EndGlobalSection
	GlobalSection(ExtensibilityGlobals) = postSolution
		SolutionGuid = {2C431FA8-26C6-4430-98F5-83268D87942F}
	EndGlobalSection
EndGlobal
