
Microsoft Visual Studio Solution File, Format Version 12.00
# Visual Studio Version 18
VisualStudioVersion = 18.0.11205.157 d18.0
MinimumVisualStudioVersion = 10.0.40219.1
Project("{9A19103F-16F7-4668-BE54-9A1E7A4F7556}") = "Nudges.Webhooks", "Nudges.Webhooks\Nudges.Webhooks.csproj", "{503BBBCF-AAE6-4999-B470-4E047DA61286}"
EndProject
Project("{9A19103F-16F7-4668-BE54-9A1E7A4F7556}") = "Nudges.Auth", "Nudges.Auth\Nudges.Auth.csproj", "{1844FD4A-643B-4025-9748-C26EC9214CB6}"
EndProject
Project("{FAE04EC0-301F-11D3-BF4B-00C04F79EFBC}") = "Monads", "Monads\Monads.csproj", "{010D34F4-ACEC-5BD4-C9DC-7890E308C690}"
EndProject
Project("{FAE04EC0-301F-11D3-BF4B-00C04F79EFBC}") = "Nudges.Auth.Web", "Nudges.Auth.Web\Nudges.Auth.Web.csproj", "{195B8CCC-032D-5F2B-0BD4-450B2D4B2085}"
EndProject
Project("{FAE04EC0-301F-11D3-BF4B-00C04F79EFBC}") = "Nudges.Kafka", "Nudges.Kafka\Nudges.Kafka.csproj", "{1138AE3E-4E72-491E-3202-8EDF3E42B410}"
EndProject
Project("{FAE04EC0-301F-11D3-BF4B-00C04F79EFBC}") = "Nudges.Configuration.Analyzers", "Nudges.Configuration.Analyzers\Nudges.Configuration.Analyzers.csproj", "{9770C54F-0197-D636-A7B1-993864E9A2D7}"
EndProject
Project("{FAE04EC0-301F-11D3-BF4B-00C04F79EFBC}") = "Nudges.Localization.Client", "Nudges.Localization.Client\Nudges.Localization.Client.csproj", "{47D7FD81-41E2-1B5C-AE85-E4F1CF771A6C}"
EndProject
Project("{FAE04EC0-301F-11D3-BF4B-00C04F79EFBC}") = "Precision.WarpCache.MemoryCache", "Precision.WarpCache\Precision.WarpCache.MemoryCache\Precision.WarpCache.MemoryCache.csproj", "{ABD4E870-C725-C680-BD5C-F79D00748A1D}"
EndProject
Project("{FAE04EC0-301F-11D3-BF4B-00C04F79EFBC}") = "Precision.WarpCache", "Precision.WarpCache\Precision.WarpCache\Precision.WarpCache.csproj", "{617846FB-CFB6-8525-CF1A-572FFAD39F61}"
EndProject
Project("{FAE04EC0-301F-11D3-BF4B-00C04F79EFBC}") = "Precision.WarpCache.Grpc.Client", "Precision.WarpCache\Precision.WarpCache.Grpc.Client\Precision.WarpCache.Grpc.Client.csproj", "{41061286-70D3-7C46-826E-8906697A9942}"
EndProject
Project("{FAE04EC0-301F-11D3-BF4B-00C04F79EFBC}") = "Nudges.Configuration", "Nudges.Configuration\Nudges.Configuration.csproj", "{7C641EF9-4E3B-D2C4-01D4-309E455DB67B}"
EndProject
Project("{FAE04EC0-301F-11D3-BF4B-00C04F79EFBC}") = "Nudges.Kafka.Events", "Nudges.Kafka.Events\Nudges.Kafka.Events.csproj", "{CF98B33A-84CB-0F8B-E6D2-C43702DD72B5}"
EndProject
Global
	GlobalSection(SolutionConfigurationPlatforms) = preSolution
		Debug|Any CPU = Debug|Any CPU
		Release|Any CPU = Release|Any CPU
	EndGlobalSection
	GlobalSection(ProjectConfigurationPlatforms) = postSolution
		{503BBBCF-AAE6-4999-B470-4E047DA61286}.Debug|Any CPU.ActiveCfg = Debug|Any CPU
		{503BBBCF-AAE6-4999-B470-4E047DA61286}.Debug|Any CPU.Build.0 = Debug|Any CPU
		{503BBBCF-AAE6-4999-B470-4E047DA61286}.Release|Any CPU.ActiveCfg = Release|Any CPU
		{503BBBCF-AAE6-4999-B470-4E047DA61286}.Release|Any CPU.Build.0 = Release|Any CPU
		{1844FD4A-643B-4025-9748-C26EC9214CB6}.Debug|Any CPU.ActiveCfg = Debug|Any CPU
		{1844FD4A-643B-4025-9748-C26EC9214CB6}.Debug|Any CPU.Build.0 = Debug|Any CPU
		{1844FD4A-643B-4025-9748-C26EC9214CB6}.Release|Any CPU.ActiveCfg = Release|Any CPU
		{1844FD4A-643B-4025-9748-C26EC9214CB6}.Release|Any CPU.Build.0 = Release|Any CPU
		{010D34F4-ACEC-5BD4-C9DC-7890E308C690}.Debug|Any CPU.ActiveCfg = Debug|Any CPU
		{010D34F4-ACEC-5BD4-C9DC-7890E308C690}.Debug|Any CPU.Build.0 = Debug|Any CPU
		{010D34F4-ACEC-5BD4-C9DC-7890E308C690}.Release|Any CPU.ActiveCfg = Release|Any CPU
		{010D34F4-ACEC-5BD4-C9DC-7890E308C690}.Release|Any CPU.Build.0 = Release|Any CPU
		{195B8CCC-032D-5F2B-0BD4-450B2D4B2085}.Debug|Any CPU.ActiveCfg = Debug|Any CPU
		{195B8CCC-032D-5F2B-0BD4-450B2D4B2085}.Debug|Any CPU.Build.0 = Debug|Any CPU
		{195B8CCC-032D-5F2B-0BD4-450B2D4B2085}.Release|Any CPU.ActiveCfg = Release|Any CPU
		{195B8CCC-032D-5F2B-0BD4-450B2D4B2085}.Release|Any CPU.Build.0 = Release|Any CPU
		{1138AE3E-4E72-491E-3202-8EDF3E42B410}.Debug|Any CPU.ActiveCfg = Debug|Any CPU
		{1138AE3E-4E72-491E-3202-8EDF3E42B410}.Debug|Any CPU.Build.0 = Debug|Any CPU
		{1138AE3E-4E72-491E-3202-8EDF3E42B410}.Release|Any CPU.ActiveCfg = Release|Any CPU
		{1138AE3E-4E72-491E-3202-8EDF3E42B410}.Release|Any CPU.Build.0 = Release|Any CPU
		{9770C54F-0197-D636-A7B1-993864E9A2D7}.Debug|Any CPU.ActiveCfg = Debug|Any CPU
		{9770C54F-0197-D636-A7B1-993864E9A2D7}.Debug|Any CPU.Build.0 = Debug|Any CPU
		{9770C54F-0197-D636-A7B1-993864E9A2D7}.Release|Any CPU.ActiveCfg = Release|Any CPU
		{9770C54F-0197-D636-A7B1-993864E9A2D7}.Release|Any CPU.Build.0 = Release|Any CPU
		{47D7FD81-41E2-1B5C-AE85-E4F1CF771A6C}.Debug|Any CPU.ActiveCfg = Debug|Any CPU
		{47D7FD81-41E2-1B5C-AE85-E4F1CF771A6C}.Debug|Any CPU.Build.0 = Debug|Any CPU
		{47D7FD81-41E2-1B5C-AE85-E4F1CF771A6C}.Release|Any CPU.ActiveCfg = Release|Any CPU
		{47D7FD81-41E2-1B5C-AE85-E4F1CF771A6C}.Release|Any CPU.Build.0 = Release|Any CPU
		{ABD4E870-C725-C680-BD5C-F79D00748A1D}.Debug|Any CPU.ActiveCfg = Debug|Any CPU
		{ABD4E870-C725-C680-BD5C-F79D00748A1D}.Debug|Any CPU.Build.0 = Debug|Any CPU
		{ABD4E870-C725-C680-BD5C-F79D00748A1D}.Release|Any CPU.ActiveCfg = Release|Any CPU
		{ABD4E870-C725-C680-BD5C-F79D00748A1D}.Release|Any CPU.Build.0 = Release|Any CPU
		{617846FB-CFB6-8525-CF1A-572FFAD39F61}.Debug|Any CPU.ActiveCfg = Debug|Any CPU
		{617846FB-CFB6-8525-CF1A-572FFAD39F61}.Debug|Any CPU.Build.0 = Debug|Any CPU
		{617846FB-CFB6-8525-CF1A-572FFAD39F61}.Release|Any CPU.ActiveCfg = Release|Any CPU
		{617846FB-CFB6-8525-CF1A-572FFAD39F61}.Release|Any CPU.Build.0 = Release|Any CPU
		{41061286-70D3-7C46-826E-8906697A9942}.Debug|Any CPU.ActiveCfg = Debug|Any CPU
		{41061286-70D3-7C46-826E-8906697A9942}.Debug|Any CPU.Build.0 = Debug|Any CPU
		{41061286-70D3-7C46-826E-8906697A9942}.Release|Any CPU.ActiveCfg = Release|Any CPU
		{41061286-70D3-7C46-826E-8906697A9942}.Release|Any CPU.Build.0 = Release|Any CPU
		{7C641EF9-4E3B-D2C4-01D4-309E455DB67B}.Debug|Any CPU.ActiveCfg = Debug|Any CPU
		{7C641EF9-4E3B-D2C4-01D4-309E455DB67B}.Debug|Any CPU.Build.0 = Debug|Any CPU
		{7C641EF9-4E3B-D2C4-01D4-309E455DB67B}.Release|Any CPU.ActiveCfg = Release|Any CPU
		{7C641EF9-4E3B-D2C4-01D4-309E455DB67B}.Release|Any CPU.Build.0 = Release|Any CPU
		{CF98B33A-84CB-0F8B-E6D2-C43702DD72B5}.Debug|Any CPU.ActiveCfg = Debug|Any CPU
		{CF98B33A-84CB-0F8B-E6D2-C43702DD72B5}.Debug|Any CPU.Build.0 = Debug|Any CPU
		{CF98B33A-84CB-0F8B-E6D2-C43702DD72B5}.Release|Any CPU.ActiveCfg = Release|Any CPU
		{CF98B33A-84CB-0F8B-E6D2-C43702DD72B5}.Release|Any CPU.Build.0 = Release|Any CPU
	EndGlobalSection
	GlobalSection(SolutionProperties) = preSolution
		HideSolutionNode = FALSE
	EndGlobalSection
	GlobalSection(ExtensibilityGlobals) = postSolution
		SolutionGuid = {3CA08E8C-BE01-4984-B137-06DB3C6B2C8D}
	EndGlobalSection
EndGlobal
