
Microsoft Visual Studio Solution File, Format Version 12.00
# Visual Studio Version 17
VisualStudioVersion = 17.5.002.0
MinimumVisualStudioVersion = 10.0.40219.1
Project("{9A19103F-16F7-4668-BE54-9A1E7A4F7556}") = "PaymentApi", "PaymentApi\PaymentApi.csproj", "{4E5E7579-EF53-4CF3-815A-B6689CC60766}"
EndProject
Project("{2150E333-8FDC-42A3-9474-1A3956D46DE8}") = "tests", "tests", "{98A21168-C84F-46F7-AF08-EC9DE530201C}"
EndProject
Project("{9A19103F-16F7-4668-BE54-9A1E7A4F7556}") = "PaymentApi.Tests.Integration", "PaymentApi\tests\PaymentApi.Tests.Integration\PaymentApi.Tests.Integration.csproj", "{C8BAB6B0-8D59-419E-BA37-6BB0F9038C66}"
EndProject
Project("{9A19103F-16F7-4668-BE54-9A1E7A4F7556}") = "Nudges.Data", "Nudges.Data\Nudges.Data.csproj", "{50721FB1-E2F1-409A-A5DA-B369341D78F3}"
EndProject
Project("{9A19103F-16F7-4668-BE54-9A1E7A4F7556}") = "Nudges.Redis", "Nudges.Redis\Nudges.Redis.csproj", "{F55FBC41-A43A-4A2A-9513-1FB692F9D219}"
EndProject
Project("{9A19103F-16F7-4668-BE54-9A1E7A4F7556}") = "Nudges.Kafka", "Nudges.Kafka\Nudges.Kafka.csproj", "{C7D90436-3A7C-4DC5-85E9-8FC32BC9C0CD}"
EndProject
Project("{9A19103F-16F7-4668-BE54-9A1E7A4F7556}") = "Nudges.Auth.Web", "Nudges.Auth.Web\Nudges.Auth.Web.csproj", "{5D32B887-A751-40AB-96F1-C307CC506913}"
EndProject
Project("{9A19103F-16F7-4668-BE54-9A1E7A4F7556}") = "Nudges.Auth", "Nudges.Auth\Nudges.Auth.csproj", "{7DAEBEDF-8E6D-4EBD-840D-4478A7A0A6D4}"
EndProject
Project("{FAE04EC0-301F-11D3-BF4B-00C04F79EFBC}") = "Nudges.HotChocolate.Utils", "Nudges.HotChocolate.Utils\Nudges.HotChocolate.Utils.csproj", "{8A482EC0-CAFB-4967-AD94-80943AB1FA2E}"
EndProject
Project("{FAE04EC0-301F-11D3-BF4B-00C04F79EFBC}") = "Nudges.Telemetry", "Nudges.Telemetry\Nudges.Telemetry.csproj", "{6A493A8A-2D7D-2236-F141-100D33179674}"
EndProject
Global
	GlobalSection(SolutionConfigurationPlatforms) = preSolution
		Debug|Any CPU = Debug|Any CPU
		Release|Any CPU = Release|Any CPU
	EndGlobalSection
	GlobalSection(ProjectConfigurationPlatforms) = postSolution
		{4E5E7579-EF53-4CF3-815A-B6689CC60766}.Debug|Any CPU.ActiveCfg = Debug|Any CPU
		{4E5E7579-EF53-4CF3-815A-B6689CC60766}.Debug|Any CPU.Build.0 = Debug|Any CPU
		{4E5E7579-EF53-4CF3-815A-B6689CC60766}.Release|Any CPU.ActiveCfg = Release|Any CPU
		{4E5E7579-EF53-4CF3-815A-B6689CC60766}.Release|Any CPU.Build.0 = Release|Any CPU
		{C8BAB6B0-8D59-419E-BA37-6BB0F9038C66}.Debug|Any CPU.ActiveCfg = Debug|Any CPU
		{C8BAB6B0-8D59-419E-BA37-6BB0F9038C66}.Debug|Any CPU.Build.0 = Debug|Any CPU
		{C8BAB6B0-8D59-419E-BA37-6BB0F9038C66}.Release|Any CPU.ActiveCfg = Release|Any CPU
		{C8BAB6B0-8D59-419E-BA37-6BB0F9038C66}.Release|Any CPU.Build.0 = Release|Any CPU
		{50721FB1-E2F1-409A-A5DA-B369341D78F3}.Debug|Any CPU.ActiveCfg = Debug|Any CPU
		{50721FB1-E2F1-409A-A5DA-B369341D78F3}.Debug|Any CPU.Build.0 = Debug|Any CPU
		{50721FB1-E2F1-409A-A5DA-B369341D78F3}.Release|Any CPU.ActiveCfg = Release|Any CPU
		{50721FB1-E2F1-409A-A5DA-B369341D78F3}.Release|Any CPU.Build.0 = Release|Any CPU
		{F55FBC41-A43A-4A2A-9513-1FB692F9D219}.Debug|Any CPU.ActiveCfg = Debug|Any CPU
		{F55FBC41-A43A-4A2A-9513-1FB692F9D219}.Debug|Any CPU.Build.0 = Debug|Any CPU
		{F55FBC41-A43A-4A2A-9513-1FB692F9D219}.Release|Any CPU.ActiveCfg = Release|Any CPU
		{F55FBC41-A43A-4A2A-9513-1FB692F9D219}.Release|Any CPU.Build.0 = Release|Any CPU
		{C7D90436-3A7C-4DC5-85E9-8FC32BC9C0CD}.Debug|Any CPU.ActiveCfg = Debug|Any CPU
		{C7D90436-3A7C-4DC5-85E9-8FC32BC9C0CD}.Debug|Any CPU.Build.0 = Debug|Any CPU
		{C7D90436-3A7C-4DC5-85E9-8FC32BC9C0CD}.Release|Any CPU.ActiveCfg = Release|Any CPU
		{C7D90436-3A7C-4DC5-85E9-8FC32BC9C0CD}.Release|Any CPU.Build.0 = Release|Any CPU
		{5D32B887-A751-40AB-96F1-C307CC506913}.Debug|Any CPU.ActiveCfg = Debug|Any CPU
		{5D32B887-A751-40AB-96F1-C307CC506913}.Debug|Any CPU.Build.0 = Debug|Any CPU
		{5D32B887-A751-40AB-96F1-C307CC506913}.Release|Any CPU.ActiveCfg = Release|Any CPU
		{5D32B887-A751-40AB-96F1-C307CC506913}.Release|Any CPU.Build.0 = Release|Any CPU
		{7DAEBEDF-8E6D-4EBD-840D-4478A7A0A6D4}.Debug|Any CPU.ActiveCfg = Debug|Any CPU
		{7DAEBEDF-8E6D-4EBD-840D-4478A7A0A6D4}.Debug|Any CPU.Build.0 = Debug|Any CPU
		{7DAEBEDF-8E6D-4EBD-840D-4478A7A0A6D4}.Release|Any CPU.ActiveCfg = Release|Any CPU
		{7DAEBEDF-8E6D-4EBD-840D-4478A7A0A6D4}.Release|Any CPU.Build.0 = Release|Any CPU
		{8A482EC0-CAFB-4967-AD94-80943AB1FA2E}.Debug|Any CPU.ActiveCfg = Debug|Any CPU
		{8A482EC0-CAFB-4967-AD94-80943AB1FA2E}.Debug|Any CPU.Build.0 = Debug|Any CPU
		{8A482EC0-CAFB-4967-AD94-80943AB1FA2E}.Release|Any CPU.ActiveCfg = Release|Any CPU
		{8A482EC0-CAFB-4967-AD94-80943AB1FA2E}.Release|Any CPU.Build.0 = Release|Any CPU
		{6A493A8A-2D7D-2236-F141-100D33179674}.Debug|Any CPU.ActiveCfg = Debug|Any CPU
		{6A493A8A-2D7D-2236-F141-100D33179674}.Debug|Any CPU.Build.0 = Debug|Any CPU
		{6A493A8A-2D7D-2236-F141-100D33179674}.Release|Any CPU.ActiveCfg = Release|Any CPU
		{6A493A8A-2D7D-2236-F141-100D33179674}.Release|Any CPU.Build.0 = Release|Any CPU
	EndGlobalSection
	GlobalSection(SolutionProperties) = preSolution
		HideSolutionNode = FALSE
	EndGlobalSection
	GlobalSection(NestedProjects) = preSolution
		{C8BAB6B0-8D59-419E-BA37-6BB0F9038C66} = {98A21168-C84F-46F7-AF08-EC9DE530201C}
	EndGlobalSection
	GlobalSection(ExtensibilityGlobals) = postSolution
		SolutionGuid = {853709D8-DA1F-4C2A-AA42-3288D50E772E}
	EndGlobalSection
EndGlobal
